
Microsoft Visual Studio Solution File, Format Version 12.00
# Visual Studio 15
VisualStudioVersion = 15.0.28307.489
MinimumVisualStudioVersion = 10.0.40219.1
Project("{9A19103F-16F7-4668-BE54-9A1E7A4F7556}") = "Monkey.UnitTests", "Monkey.UnitTests\Monkey.UnitTests.csproj", "{9E9608FA-B4E9-49A5-9272-50A6A13FD723}"
EndProject
Project("{9A19103F-16F7-4668-BE54-9A1E7A4F7556}") = "Monkey.Patterns.UnitTests", "Monkey.Patterns.UnitTests\Monkey.Patterns.UnitTests.csproj", "{BE6D7D91-F8FE-48DE-894D-BBBAD760C929}"
EndProject
Project("{9A19103F-16F7-4668-BE54-9A1E7A4F7556}") = "Monkey", "Monkey\Monkey.csproj", "{996DA340-C466-4D6E-81D3-AEDDDD2FDE5D}"
EndProject
Project("{9A19103F-16F7-4668-BE54-9A1E7A4F7556}") = "Monkey.WebApi", "Monkey.WebApi\Monkey.WebApi.csproj", "{8FF9EBAB-E7B7-4C5C-A29A-338CBF154CC4}"
EndProject
Project("{9A19103F-16F7-4668-BE54-9A1E7A4F7556}") = "Monkey.Wcf", "Monkey.Wcf\Monkey.Wcf.csproj", "{4DDABD69-CD86-43F8-B777-21B7E66DF363}"
EndProject
Project("{2150E333-8FDC-42A3-9474-1A3956D46DE8}") = "Tests", "Tests", "{203DCC1A-CF6B-421C-8A7A-CAB40182CAEA}"
EndProject
Project("{9A19103F-16F7-4668-BE54-9A1E7A4F7556}") = "Monkey.Sql", "Monkey.Sql\Monkey.Sql.csproj", "{AE567697-23A3-4D0D-82EA-381D245467D5}"
EndProject
Project("{2150E333-8FDC-42A3-9474-1A3956D46DE8}") = "WebApi", "WebApi", "{6CDC3976-D205-4E50-965E-881DAD466499}"
EndProject
Project("{2150E333-8FDC-42A3-9474-1A3956D46DE8}") = "Wcf", "Wcf", "{4838EEB6-43AB-496A-951D-8B5A78BDCF52}"
EndProject
Project("{2150E333-8FDC-42A3-9474-1A3956D46DE8}") = "Sql", "Sql", "{4A5911B4-4CDC-4BF9-A810-78CF7085A83E}"
EndProject
Project("{9A19103F-16F7-4668-BE54-9A1E7A4F7556}") = "Monkey.WebApi.UnitTests", "Monkey.WebApi.UnitTests\Monkey.WebApi.UnitTests.csproj", "{86B16C87-0F3C-4285-88DB-B92C33593252}"
EndProject
Project("{9A19103F-16F7-4668-BE54-9A1E7A4F7556}") = "Monkey.WebApi.AcceptanceTests", "Monkey.WebApi.AcceptanceTests\Monkey.WebApi.AcceptanceTests.csproj", "{A9D018E8-0395-46DB-9838-9158BA703996}"
EndProject
Project("{9A19103F-16F7-4668-BE54-9A1E7A4F7556}") = "TestProject1", "TestProject1\TestProject1.csproj", "{E8F92BF2-E958-4B4A-A9D1-9BABB988D148}"
EndProject
Project("{9A19103F-16F7-4668-BE54-9A1E7A4F7556}") = "Monkey.Sql.AcceptanceTests", "Monkey.Sql.AcceptanceTests\Monkey.Sql.AcceptanceTests.csproj", "{B368089B-D66C-4B2F-A8E1-C50A049B91FE}"
EndProject
Project("{9A19103F-16F7-4668-BE54-9A1E7A4F7556}") = "Monkey.Sql.SimpleInjector", "Monkey.Sql.SimpleInjector\Monkey.Sql.SimpleInjector.csproj", "{591A5B3B-51CC-46B0-945C-62FC5F783321}"
EndProject
Project("{FAE04EC0-301F-11D3-BF4B-00C04F79EFBC}") = "Monkey.Cqrs", "Monkey.Cqrs\Monkey.Cqrs.csproj", "{82AB2518-B248-40F5-8DC5-914F2C3AB9C1}"
EndProject
Project("{FAE04EC0-301F-11D3-BF4B-00C04F79EFBC}") = "Monkey.SimpleInjector", "Monkey.SimpleInjector\Monkey.SimpleInjector.csproj", "{80C2EFDB-5EA8-4285-8DA8-73E84C6BA46F}"
EndProject
Global
	GlobalSection(SolutionConfigurationPlatforms) = preSolution
		Debug|Any CPU = Debug|Any CPU
		Release|Any CPU = Release|Any CPU
	EndGlobalSection
	GlobalSection(ProjectConfigurationPlatforms) = postSolution
		{9E9608FA-B4E9-49A5-9272-50A6A13FD723}.Debug|Any CPU.ActiveCfg = Debug|Any CPU
		{9E9608FA-B4E9-49A5-9272-50A6A13FD723}.Debug|Any CPU.Build.0 = Debug|Any CPU
		{9E9608FA-B4E9-49A5-9272-50A6A13FD723}.Release|Any CPU.ActiveCfg = Release|Any CPU
		{9E9608FA-B4E9-49A5-9272-50A6A13FD723}.Release|Any CPU.Build.0 = Release|Any CPU
		{BE6D7D91-F8FE-48DE-894D-BBBAD760C929}.Debug|Any CPU.ActiveCfg = Debug|Any CPU
		{BE6D7D91-F8FE-48DE-894D-BBBAD760C929}.Debug|Any CPU.Build.0 = Debug|Any CPU
		{BE6D7D91-F8FE-48DE-894D-BBBAD760C929}.Release|Any CPU.ActiveCfg = Release|Any CPU
		{BE6D7D91-F8FE-48DE-894D-BBBAD760C929}.Release|Any CPU.Build.0 = Release|Any CPU
		{996DA340-C466-4D6E-81D3-AEDDDD2FDE5D}.Debug|Any CPU.ActiveCfg = Debug|Any CPU
		{996DA340-C466-4D6E-81D3-AEDDDD2FDE5D}.Debug|Any CPU.Build.0 = Debug|Any CPU
		{996DA340-C466-4D6E-81D3-AEDDDD2FDE5D}.Release|Any CPU.ActiveCfg = Release|Any CPU
		{996DA340-C466-4D6E-81D3-AEDDDD2FDE5D}.Release|Any CPU.Build.0 = Release|Any CPU
		{8FF9EBAB-E7B7-4C5C-A29A-338CBF154CC4}.Debug|Any CPU.ActiveCfg = Debug|Any CPU
		{8FF9EBAB-E7B7-4C5C-A29A-338CBF154CC4}.Debug|Any CPU.Build.0 = Debug|Any CPU
		{8FF9EBAB-E7B7-4C5C-A29A-338CBF154CC4}.Release|Any CPU.ActiveCfg = Release|Any CPU
		{8FF9EBAB-E7B7-4C5C-A29A-338CBF154CC4}.Release|Any CPU.Build.0 = Release|Any CPU
		{4DDABD69-CD86-43F8-B777-21B7E66DF363}.Debug|Any CPU.ActiveCfg = Debug|Any CPU
		{4DDABD69-CD86-43F8-B777-21B7E66DF363}.Debug|Any CPU.Build.0 = Debug|Any CPU
		{4DDABD69-CD86-43F8-B777-21B7E66DF363}.Release|Any CPU.ActiveCfg = Release|Any CPU
		{4DDABD69-CD86-43F8-B777-21B7E66DF363}.Release|Any CPU.Build.0 = Release|Any CPU
		{AE567697-23A3-4D0D-82EA-381D245467D5}.Debug|Any CPU.ActiveCfg = Debug|Any CPU
		{AE567697-23A3-4D0D-82EA-381D245467D5}.Debug|Any CPU.Build.0 = Debug|Any CPU
		{AE567697-23A3-4D0D-82EA-381D245467D5}.Release|Any CPU.ActiveCfg = Release|Any CPU
		{AE567697-23A3-4D0D-82EA-381D245467D5}.Release|Any CPU.Build.0 = Release|Any CPU
		{86B16C87-0F3C-4285-88DB-B92C33593252}.Debug|Any CPU.ActiveCfg = Debug|Any CPU
		{86B16C87-0F3C-4285-88DB-B92C33593252}.Debug|Any CPU.Build.0 = Debug|Any CPU
		{86B16C87-0F3C-4285-88DB-B92C33593252}.Release|Any CPU.ActiveCfg = Release|Any CPU
		{86B16C87-0F3C-4285-88DB-B92C33593252}.Release|Any CPU.Build.0 = Release|Any CPU
		{A9D018E8-0395-46DB-9838-9158BA703996}.Debug|Any CPU.ActiveCfg = Debug|Any CPU
		{A9D018E8-0395-46DB-9838-9158BA703996}.Debug|Any CPU.Build.0 = Debug|Any CPU
		{A9D018E8-0395-46DB-9838-9158BA703996}.Release|Any CPU.ActiveCfg = Release|Any CPU
		{A9D018E8-0395-46DB-9838-9158BA703996}.Release|Any CPU.Build.0 = Release|Any CPU
		{E8F92BF2-E958-4B4A-A9D1-9BABB988D148}.Debug|Any CPU.ActiveCfg = Debug|Any CPU
		{E8F92BF2-E958-4B4A-A9D1-9BABB988D148}.Debug|Any CPU.Build.0 = Debug|Any CPU
		{E8F92BF2-E958-4B4A-A9D1-9BABB988D148}.Release|Any CPU.ActiveCfg = Release|Any CPU
		{E8F92BF2-E958-4B4A-A9D1-9BABB988D148}.Release|Any CPU.Build.0 = Release|Any CPU
		{B368089B-D66C-4B2F-A8E1-C50A049B91FE}.Debug|Any CPU.ActiveCfg = Debug|Any CPU
		{B368089B-D66C-4B2F-A8E1-C50A049B91FE}.Debug|Any CPU.Build.0 = Debug|Any CPU
		{B368089B-D66C-4B2F-A8E1-C50A049B91FE}.Release|Any CPU.ActiveCfg = Release|Any CPU
		{B368089B-D66C-4B2F-A8E1-C50A049B91FE}.Release|Any CPU.Build.0 = Release|Any CPU
		{591A5B3B-51CC-46B0-945C-62FC5F783321}.Debug|Any CPU.ActiveCfg = Debug|Any CPU
		{591A5B3B-51CC-46B0-945C-62FC5F783321}.Debug|Any CPU.Build.0 = Debug|Any CPU
		{591A5B3B-51CC-46B0-945C-62FC5F783321}.Release|Any CPU.ActiveCfg = Release|Any CPU
		{591A5B3B-51CC-46B0-945C-62FC5F783321}.Release|Any CPU.Build.0 = Release|Any CPU
		{82AB2518-B248-40F5-8DC5-914F2C3AB9C1}.Debug|Any CPU.ActiveCfg = Debug|Any CPU
		{82AB2518-B248-40F5-8DC5-914F2C3AB9C1}.Debug|Any CPU.Build.0 = Debug|Any CPU
		{82AB2518-B248-40F5-8DC5-914F2C3AB9C1}.Release|Any CPU.ActiveCfg = Release|Any CPU
		{82AB2518-B248-40F5-8DC5-914F2C3AB9C1}.Release|Any CPU.Build.0 = Release|Any CPU
		{80C2EFDB-5EA8-4285-8DA8-73E84C6BA46F}.Debug|Any CPU.ActiveCfg = Debug|Any CPU
		{80C2EFDB-5EA8-4285-8DA8-73E84C6BA46F}.Debug|Any CPU.Build.0 = Debug|Any CPU
		{80C2EFDB-5EA8-4285-8DA8-73E84C6BA46F}.Release|Any CPU.ActiveCfg = Release|Any CPU
		{80C2EFDB-5EA8-4285-8DA8-73E84C6BA46F}.Release|Any CPU.Build.0 = Release|Any CPU
	EndGlobalSection
	GlobalSection(SolutionProperties) = preSolution
		HideSolutionNode = FALSE
	EndGlobalSection
	GlobalSection(NestedProjects) = preSolution
		{9E9608FA-B4E9-49A5-9272-50A6A13FD723} = {203DCC1A-CF6B-421C-8A7A-CAB40182CAEA}
		{BE6D7D91-F8FE-48DE-894D-BBBAD760C929} = {203DCC1A-CF6B-421C-8A7A-CAB40182CAEA}
		{8FF9EBAB-E7B7-4C5C-A29A-338CBF154CC4} = {6CDC3976-D205-4E50-965E-881DAD466499}
		{4DDABD69-CD86-43F8-B777-21B7E66DF363} = {4838EEB6-43AB-496A-951D-8B5A78BDCF52}
		{AE567697-23A3-4D0D-82EA-381D245467D5} = {4A5911B4-4CDC-4BF9-A810-78CF7085A83E}
		{86B16C87-0F3C-4285-88DB-B92C33593252} = {6CDC3976-D205-4E50-965E-881DAD466499}
		{A9D018E8-0395-46DB-9838-9158BA703996} = {6CDC3976-D205-4E50-965E-881DAD466499}
		{E8F92BF2-E958-4B4A-A9D1-9BABB988D148} = {203DCC1A-CF6B-421C-8A7A-CAB40182CAEA}
		{B368089B-D66C-4B2F-A8E1-C50A049B91FE} = {4A5911B4-4CDC-4BF9-A810-78CF7085A83E}
		{591A5B3B-51CC-46B0-945C-62FC5F783321} = {4A5911B4-4CDC-4BF9-A810-78CF7085A83E}
	EndGlobalSection
	GlobalSection(ExtensibilityGlobals) = postSolution
		SolutionGuid = {8FC7FC1E-BD28-47AE-BD03-583D23AE89E1}
	EndGlobalSection
EndGlobal
